
Microsoft Visual Studio Solution File, Format Version 12.00
# Visual Studio Version 16
VisualStudioVersion = 16.0.31702.278
MinimumVisualStudioVersion = 10.0.40219.1
Project("{9A19103F-16F7-4668-BE54-9A1E7A4F7556}") = "ProdavnicaPCL", "ProdavnicaPCL\ProdavnicaPCL.csproj", "{1680A68F-E696-4360-B95A-67978875C76D}"
EndProject
Project("{FAE04EC0-301F-11D3-BF4B-00C04F79EFBC}") = "ProdavnicaAndroid.Android", "ProdavnicaAndroid\ProdavnicaAndroid.Android\ProdavnicaAndroid.Android.csproj", "{D61BCB3A-4603-4A59-97AE-D655A7F9ACEB}"
EndProject
Project("{9A19103F-16F7-4668-BE54-9A1E7A4F7556}") = "ProdavnicaAndroid", "ProdavnicaAndroid\ProdavnicaAndroid\ProdavnicaAndroid.csproj", "{8070586E-7985-4C8B-9013-649E0FCC43B0}"
EndProject
Global
	GlobalSection(SolutionConfigurationPlatforms) = preSolution
		Debug|Any CPU = Debug|Any CPU
		Debug|iPhone = Debug|iPhone
		Debug|iPhoneSimulator = Debug|iPhoneSimulator
		Release|Any CPU = Release|Any CPU
		Release|iPhone = Release|iPhone
		Release|iPhoneSimulator = Release|iPhoneSimulator
	EndGlobalSection
	GlobalSection(ProjectConfigurationPlatforms) = postSolution
		{1680A68F-E696-4360-B95A-67978875C76D}.Debug|Any CPU.ActiveCfg = Debug|Any CPU
		{1680A68F-E696-4360-B95A-67978875C76D}.Debug|Any CPU.Build.0 = Debug|Any CPU
		{1680A68F-E696-4360-B95A-67978875C76D}.Debug|iPhone.ActiveCfg = Debug|Any CPU
		{1680A68F-E696-4360-B95A-67978875C76D}.Debug|iPhone.Build.0 = Debug|Any CPU
		{1680A68F-E696-4360-B95A-67978875C76D}.Debug|iPhoneSimulator.ActiveCfg = Debug|Any CPU
		{1680A68F-E696-4360-B95A-67978875C76D}.Debug|iPhoneSimulator.Build.0 = Debug|Any CPU
		{1680A68F-E696-4360-B95A-67978875C76D}.Release|Any CPU.ActiveCfg = Release|Any CPU
		{1680A68F-E696-4360-B95A-67978875C76D}.Release|Any CPU.Build.0 = Release|Any CPU
		{1680A68F-E696-4360-B95A-67978875C76D}.Release|iPhone.ActiveCfg = Release|Any CPU
		{1680A68F-E696-4360-B95A-67978875C76D}.Release|iPhone.Build.0 = Release|Any CPU
		{1680A68F-E696-4360-B95A-67978875C76D}.Release|iPhoneSimulator.ActiveCfg = Release|Any CPU
		{1680A68F-E696-4360-B95A-67978875C76D}.Release|iPhoneSimulator.Build.0 = Release|Any CPU
		{D61BCB3A-4603-4A59-97AE-D655A7F9ACEB}.Debug|Any CPU.ActiveCfg = Debug|Any CPU
		{D61BCB3A-4603-4A59-97AE-D655A7F9ACEB}.Debug|Any CPU.Build.0 = Debug|Any CPU
		{D61BCB3A-4603-4A59-97AE-D655A7F9ACEB}.Debug|Any CPU.Deploy.0 = Debug|Any CPU
		{D61BCB3A-4603-4A59-97AE-D655A7F9ACEB}.Debug|iPhone.ActiveCfg = Debug|Any CPU
		{D61BCB3A-4603-4A59-97AE-D655A7F9ACEB}.Debug|iPhone.Build.0 = Debug|Any CPU
		{D61BCB3A-4603-4A59-97AE-D655A7F9ACEB}.Debug|iPhone.Deploy.0 = Debug|Any CPU
		{D61BCB3A-4603-4A59-97AE-D655A7F9ACEB}.Debug|iPhoneSimulator.ActiveCfg = Debug|Any CPU
		{D61BCB3A-4603-4A59-97AE-D655A7F9ACEB}.Debug|iPhoneSimulator.Build.0 = Debug|Any CPU
		{D61BCB3A-4603-4A59-97AE-D655A7F9ACEB}.Debug|iPhoneSimulator.Deploy.0 = Debug|Any CPU
		{D61BCB3A-4603-4A59-97AE-D655A7F9ACEB}.Release|Any CPU.ActiveCfg = Release|Any CPU
		{D61BCB3A-4603-4A59-97AE-D655A7F9ACEB}.Release|Any CPU.Build.0 = Release|Any CPU
		{D61BCB3A-4603-4A59-97AE-D655A7F9ACEB}.Release|Any CPU.Deploy.0 = Release|Any CPU
		{D61BCB3A-4603-4A59-97AE-D655A7F9ACEB}.Release|iPhone.ActiveCfg = Release|Any CPU
		{D61BCB3A-4603-4A59-97AE-D655A7F9ACEB}.Release|iPhone.Build.0 = Release|Any CPU
		{D61BCB3A-4603-4A59-97AE-D655A7F9ACEB}.Release|iPhone.Deploy.0 = Release|Any CPU
		{D61BCB3A-4603-4A59-97AE-D655A7F9ACEB}.Release|iPhoneSimulator.ActiveCfg = Release|Any CPU
		{D61BCB3A-4603-4A59-97AE-D655A7F9ACEB}.Release|iPhoneSimulator.Build.0 = Release|Any CPU
		{D61BCB3A-4603-4A59-97AE-D655A7F9ACEB}.Release|iPhoneSimulator.Deploy.0 = Release|Any CPU
		{8070586E-7985-4C8B-9013-649E0FCC43B0}.Debug|Any CPU.ActiveCfg = Debug|Any CPU
		{8070586E-7985-4C8B-9013-649E0FCC43B0}.Debug|Any CPU.Build.0 = Debug|Any CPU
		{8070586E-7985-4C8B-9013-649E0FCC43B0}.Debug|iPhone.ActiveCfg = Debug|Any CPU
		{8070586E-7985-4C8B-9013-649E0FCC43B0}.Debug|iPhone.Build.0 = Debug|Any CPU
		{8070586E-7985-4C8B-9013-649E0FCC43B0}.Debug|iPhoneSimulator.ActiveCfg = Debug|Any CPU
		{8070586E-7985-4C8B-9013-649E0FCC43B0}.Debug|iPhoneSimulator.Build.0 = Debug|Any CPU
		{8070586E-7985-4C8B-9013-649E0FCC43B0}.Release|Any CPU.ActiveCfg = Release|Any CPU
		{8070586E-7985-4C8B-9013-649E0FCC43B0}.Release|Any CPU.Build.0 = Release|Any CPU
		{8070586E-7985-4C8B-9013-649E0FCC43B0}.Release|iPhone.ActiveCfg = Release|Any CPU
		{8070586E-7985-4C8B-9013-649E0FCC43B0}.Release|iPhone.Build.0 = Release|Any CPU
		{8070586E-7985-4C8B-9013-649E0FCC43B0}.Release|iPhoneSimulator.ActiveCfg = Release|Any CPU
		{8070586E-7985-4C8B-9013-649E0FCC43B0}.Release|iPhoneSimulator.Build.0 = Release|Any CPU
	EndGlobalSection
	GlobalSection(SolutionProperties) = preSolution
		HideSolutionNode = FALSE
	EndGlobalSection
	GlobalSection(ExtensibilityGlobals) = postSolution
		SolutionGuid = {E70D7307-FACB-4BDA-B6D9-0B32AA73D73E}
	EndGlobalSection
EndGlobal
